
Microsoft Visual Studio Solution File, Format Version 12.00
# Visual Studio Version 17
VisualStudioVersion = 17.2.32602.215
MinimumVisualStudioVersion = 10.0.40219.1
Project("{FAE04EC0-301F-11D3-BF4B-00C04F79EFBC}") = "MessageEndpoint", "MessageEndpoint.csproj", "{42F414F1-74A3-413A-BB06-0740062ACFF0}"
EndProject
Project("{E53339B2-1760-4266-BCC7-CA923CBCF16C}") = "docker-compose", "docker-compose.dcproj", "{C70B50BE-5265-4DFC-AF2D-D9EDC3411C1B}"
EndProject
Global
	GlobalSection(SolutionConfigurationPlatforms) = preSolution
		Debug|Any CPU = Debug|Any CPU
		Release|Any CPU = Release|Any CPU
	EndGlobalSection
	GlobalSection(ProjectConfigurationPlatforms) = postSolution
		{42F414F1-74A3-413A-BB06-0740062ACFF0}.Debug|Any CPU.ActiveCfg = Debug|Any CPU
		{42F414F1-74A3-413A-BB06-0740062ACFF0}.Debug|Any CPU.Build.0 = Debug|Any CPU
		{42F414F1-74A3-413A-BB06-0740062ACFF0}.Release|Any CPU.ActiveCfg = Release|Any CPU
		{42F414F1-74A3-413A-BB06-0740062ACFF0}.Release|Any CPU.Build.0 = Release|Any CPU
		{C70B50BE-5265-4DFC-AF2D-D9EDC3411C1B}.Debug|Any CPU.ActiveCfg = Debug|Any CPU
		{C70B50BE-5265-4DFC-AF2D-D9EDC3411C1B}.Debug|Any CPU.Build.0 = Debug|Any CPU
		{C70B50BE-5265-4DFC-AF2D-D9EDC3411C1B}.Release|Any CPU.ActiveCfg = Release|Any CPU
		{C70B50BE-5265-4DFC-AF2D-D9EDC3411C1B}.Release|Any CPU.Build.0 = Release|Any CPU
	EndGlobalSection
	GlobalSection(SolutionProperties) = preSolution
		HideSolutionNode = FALSE
	EndGlobalSection
	GlobalSection(ExtensibilityGlobals) = postSolution
		SolutionGuid = {6D01F2D6-6B3C-4E3D-B2D4-7C5E4488C53B}
	EndGlobalSection
EndGlobal
