
Microsoft Visual Studio Solution File, Format Version 12.00
# Visual Studio Version 17
VisualStudioVersion = 17.2.32602.215
MinimumVisualStudioVersion = 10.0.40219.1
Project("{FAE04EC0-301F-11D3-BF4B-00C04F79EFBC}") = "ChannelAdapter", "ChannelAdapter.csproj", "{1DA1A9C1-E90F-460D-B699-DC49CF78DAC2}"
EndProject
Project("{E53339B2-1760-4266-BCC7-CA923CBCF16C}") = "docker-compose", "docker-compose.dcproj", "{1E17A64D-4AC4-4D09-A603-86F3AA691ABD}"
EndProject
Global
	GlobalSection(SolutionConfigurationPlatforms) = preSolution
		Debug|Any CPU = Debug|Any CPU
		Release|Any CPU = Release|Any CPU
	EndGlobalSection
	GlobalSection(ProjectConfigurationPlatforms) = postSolution
		{1DA1A9C1-E90F-460D-B699-DC49CF78DAC2}.Debug|Any CPU.ActiveCfg = Debug|Any CPU
		{1DA1A9C1-E90F-460D-B699-DC49CF78DAC2}.Debug|Any CPU.Build.0 = Debug|Any CPU
		{1DA1A9C1-E90F-460D-B699-DC49CF78DAC2}.Release|Any CPU.ActiveCfg = Release|Any CPU
		{1DA1A9C1-E90F-460D-B699-DC49CF78DAC2}.Release|Any CPU.Build.0 = Release|Any CPU
		{1E17A64D-4AC4-4D09-A603-86F3AA691ABD}.Debug|Any CPU.ActiveCfg = Debug|Any CPU
		{1E17A64D-4AC4-4D09-A603-86F3AA691ABD}.Debug|Any CPU.Build.0 = Debug|Any CPU
		{1E17A64D-4AC4-4D09-A603-86F3AA691ABD}.Release|Any CPU.ActiveCfg = Release|Any CPU
		{1E17A64D-4AC4-4D09-A603-86F3AA691ABD}.Release|Any CPU.Build.0 = Release|Any CPU
	EndGlobalSection
	GlobalSection(SolutionProperties) = preSolution
		HideSolutionNode = FALSE
	EndGlobalSection
	GlobalSection(ExtensibilityGlobals) = postSolution
		SolutionGuid = {6E34B13B-79B1-418E-97B6-E0F7DFC7E7A2}
	EndGlobalSection
EndGlobal
